
Microsoft Visual Studio Solution File, Format Version 12.00
# Visual Studio Version 17
VisualStudioVersion = 17.5.33424.131
MinimumVisualStudioVersion = 10.0.40219.1
Project("{2150E333-8FDC-42A3-9474-1A3956D46DE8}") = "Solution Items", "Solution Items", "{AA8EBA72-FAB0-4E9D-834E-46299DB573EE}"
	ProjectSection(SolutionItems) = preProject
		README.md = README.md
	EndProjectSection
EndProject
Project("{9A19103F-16F7-4668-BE54-9A1E7A4F7556}") = "Data", "Data\Data.csproj", "{C5B846C4-B6B9-48AD-A317-3DBCE9ABA678}"
EndProject
Project("{9A19103F-16F7-4668-BE54-9A1E7A4F7556}") = "Logic", "Logic\Logic.csproj", "{C9A3C2A6-AA56-441D-B8C1-CB71540E6405}"
EndProject
Project("{2150E333-8FDC-42A3-9474-1A3956D46DE8}") = "Presentation", "Presentation", "{A8A7687B-89AE-49F1-A94C-F459DB90C42F}"
EndProject
Project("{9A19103F-16F7-4668-BE54-9A1E7A4F7556}") = "ViewModel", "Presentation\ViewModel\ViewModel.csproj", "{F6D64B00-9EC9-439D-A198-E54F5684F87B}"
EndProject
Project("{9A19103F-16F7-4668-BE54-9A1E7A4F7556}") = "Model", "Presentation\Model\Model.csproj", "{2D43701B-769B-43B0-9481-FE8B705EB5DB}"
EndProject
Project("{9A19103F-16F7-4668-BE54-9A1E7A4F7556}") = "View", "Presentation\View\View.csproj", "{38B4E64F-60FA-4B87-ACB6-FE86550DE621}"
EndProject
Project("{2150E333-8FDC-42A3-9474-1A3956D46DE8}") = "Tests", "Tests", "{A8C173AB-624A-4556-9E6A-8BA62D8DF153}"
EndProject
Project("{FAE04EC0-301F-11D3-BF4B-00C04F79EFBC}") = "DataTestSuit", "DataTestSuit\DataTestSuit.csproj", "{822A9630-7457-424D-B018-E2B178D2FF6C}"
	ProjectSection(ProjectDependencies) = postProject
		{C5B846C4-B6B9-48AD-A317-3DBCE9ABA678} = {C5B846C4-B6B9-48AD-A317-3DBCE9ABA678}
	EndProjectSection
EndProject
Project("{FAE04EC0-301F-11D3-BF4B-00C04F79EFBC}") = "LogicTestSuit", "LogicTestSuit\LogicTestSuit.csproj", "{DF0C8129-B6C1-4716-9AC2-B25F8B7C9FEA}"
	ProjectSection(ProjectDependencies) = postProject
		{C9A3C2A6-AA56-441D-B8C1-CB71540E6405} = {C9A3C2A6-AA56-441D-B8C1-CB71540E6405}
	EndProjectSection
EndProject
Project("{FAE04EC0-301F-11D3-BF4B-00C04F79EFBC}") = "ModelTestSuit", "ModelTestSuit\ModelTestSuit.csproj", "{9C7FDDD1-0EB5-469E-8F67-A5E3D215CBAD}"
	ProjectSection(ProjectDependencies) = postProject
		{2D43701B-769B-43B0-9481-FE8B705EB5DB} = {2D43701B-769B-43B0-9481-FE8B705EB5DB}
	EndProjectSection
EndProject
Global
	GlobalSection(SolutionConfigurationPlatforms) = preSolution
		Debug|Any CPU = Debug|Any CPU
		Debug|ARM = Debug|ARM
		Debug|ARM64 = Debug|ARM64
		Debug|x64 = Debug|x64
		Debug|x86 = Debug|x86
		Release|Any CPU = Release|Any CPU
		Release|ARM = Release|ARM
		Release|ARM64 = Release|ARM64
		Release|x64 = Release|x64
		Release|x86 = Release|x86
	EndGlobalSection
	GlobalSection(ProjectConfigurationPlatforms) = postSolution
		{C5B846C4-B6B9-48AD-A317-3DBCE9ABA678}.Debug|Any CPU.ActiveCfg = Debug|Any CPU
		{C5B846C4-B6B9-48AD-A317-3DBCE9ABA678}.Debug|Any CPU.Build.0 = Debug|Any CPU
		{C5B846C4-B6B9-48AD-A317-3DBCE9ABA678}.Debug|ARM.ActiveCfg = Debug|Any CPU
		{C5B846C4-B6B9-48AD-A317-3DBCE9ABA678}.Debug|ARM.Build.0 = Debug|Any CPU
		{C5B846C4-B6B9-48AD-A317-3DBCE9ABA678}.Debug|ARM64.ActiveCfg = Debug|Any CPU
		{C5B846C4-B6B9-48AD-A317-3DBCE9ABA678}.Debug|ARM64.Build.0 = Debug|Any CPU
		{C5B846C4-B6B9-48AD-A317-3DBCE9ABA678}.Debug|x64.ActiveCfg = Debug|Any CPU
		{C5B846C4-B6B9-48AD-A317-3DBCE9ABA678}.Debug|x64.Build.0 = Debug|Any CPU
		{C5B846C4-B6B9-48AD-A317-3DBCE9ABA678}.Debug|x86.ActiveCfg = Debug|Any CPU
		{C5B846C4-B6B9-48AD-A317-3DBCE9ABA678}.Debug|x86.Build.0 = Debug|Any CPU
		{C5B846C4-B6B9-48AD-A317-3DBCE9ABA678}.Release|Any CPU.ActiveCfg = Release|Any CPU
		{C5B846C4-B6B9-48AD-A317-3DBCE9ABA678}.Release|Any CPU.Build.0 = Release|Any CPU
		{C5B846C4-B6B9-48AD-A317-3DBCE9ABA678}.Release|ARM.ActiveCfg = Release|Any CPU
		{C5B846C4-B6B9-48AD-A317-3DBCE9ABA678}.Release|ARM.Build.0 = Release|Any CPU
		{C5B846C4-B6B9-48AD-A317-3DBCE9ABA678}.Release|ARM64.ActiveCfg = Release|Any CPU
		{C5B846C4-B6B9-48AD-A317-3DBCE9ABA678}.Release|ARM64.Build.0 = Release|Any CPU
		{C5B846C4-B6B9-48AD-A317-3DBCE9ABA678}.Release|x64.ActiveCfg = Release|Any CPU
		{C5B846C4-B6B9-48AD-A317-3DBCE9ABA678}.Release|x64.Build.0 = Release|Any CPU
		{C5B846C4-B6B9-48AD-A317-3DBCE9ABA678}.Release|x86.ActiveCfg = Release|Any CPU
		{C5B846C4-B6B9-48AD-A317-3DBCE9ABA678}.Release|x86.Build.0 = Release|Any CPU
		{C9A3C2A6-AA56-441D-B8C1-CB71540E6405}.Debug|Any CPU.ActiveCfg = Debug|Any CPU
		{C9A3C2A6-AA56-441D-B8C1-CB71540E6405}.Debug|Any CPU.Build.0 = Debug|Any CPU
		{C9A3C2A6-AA56-441D-B8C1-CB71540E6405}.Debug|ARM.ActiveCfg = Debug|Any CPU
		{C9A3C2A6-AA56-441D-B8C1-CB71540E6405}.Debug|ARM.Build.0 = Debug|Any CPU
		{C9A3C2A6-AA56-441D-B8C1-CB71540E6405}.Debug|ARM64.ActiveCfg = Debug|Any CPU
		{C9A3C2A6-AA56-441D-B8C1-CB71540E6405}.Debug|ARM64.Build.0 = Debug|Any CPU
		{C9A3C2A6-AA56-441D-B8C1-CB71540E6405}.Debug|x64.ActiveCfg = Debug|Any CPU
		{C9A3C2A6-AA56-441D-B8C1-CB71540E6405}.Debug|x64.Build.0 = Debug|Any CPU
		{C9A3C2A6-AA56-441D-B8C1-CB71540E6405}.Debug|x86.ActiveCfg = Debug|Any CPU
		{C9A3C2A6-AA56-441D-B8C1-CB71540E6405}.Debug|x86.Build.0 = Debug|Any CPU
		{C9A3C2A6-AA56-441D-B8C1-CB71540E6405}.Release|Any CPU.ActiveCfg = Release|Any CPU
		{C9A3C2A6-AA56-441D-B8C1-CB71540E6405}.Release|Any CPU.Build.0 = Release|Any CPU
		{C9A3C2A6-AA56-441D-B8C1-CB71540E6405}.Release|ARM.ActiveCfg = Release|Any CPU
		{C9A3C2A6-AA56-441D-B8C1-CB71540E6405}.Release|ARM.Build.0 = Release|Any CPU
		{C9A3C2A6-AA56-441D-B8C1-CB71540E6405}.Release|ARM64.ActiveCfg = Release|Any CPU
		{C9A3C2A6-AA56-441D-B8C1-CB71540E6405}.Release|ARM64.Build.0 = Release|Any CPU
		{C9A3C2A6-AA56-441D-B8C1-CB71540E6405}.Release|x64.ActiveCfg = Release|Any CPU
		{C9A3C2A6-AA56-441D-B8C1-CB71540E6405}.Release|x64.Build.0 = Release|Any CPU
		{C9A3C2A6-AA56-441D-B8C1-CB71540E6405}.Release|x86.ActiveCfg = Release|Any CPU
		{C9A3C2A6-AA56-441D-B8C1-CB71540E6405}.Release|x86.Build.0 = Release|Any CPU
		{F6D64B00-9EC9-439D-A198-E54F5684F87B}.Debug|Any CPU.ActiveCfg = Debug|Any CPU
		{F6D64B00-9EC9-439D-A198-E54F5684F87B}.Debug|Any CPU.Build.0 = Debug|Any CPU
		{F6D64B00-9EC9-439D-A198-E54F5684F87B}.Debug|ARM.ActiveCfg = Debug|Any CPU
		{F6D64B00-9EC9-439D-A198-E54F5684F87B}.Debug|ARM.Build.0 = Debug|Any CPU
		{F6D64B00-9EC9-439D-A198-E54F5684F87B}.Debug|ARM64.ActiveCfg = Debug|Any CPU
		{F6D64B00-9EC9-439D-A198-E54F5684F87B}.Debug|ARM64.Build.0 = Debug|Any CPU
		{F6D64B00-9EC9-439D-A198-E54F5684F87B}.Debug|x64.ActiveCfg = Debug|Any CPU
		{F6D64B00-9EC9-439D-A198-E54F5684F87B}.Debug|x64.Build.0 = Debug|Any CPU
		{F6D64B00-9EC9-439D-A198-E54F5684F87B}.Debug|x86.ActiveCfg = Debug|Any CPU
		{F6D64B00-9EC9-439D-A198-E54F5684F87B}.Debug|x86.Build.0 = Debug|Any CPU
		{F6D64B00-9EC9-439D-A198-E54F5684F87B}.Release|Any CPU.ActiveCfg = Release|Any CPU
		{F6D64B00-9EC9-439D-A198-E54F5684F87B}.Release|Any CPU.Build.0 = Release|Any CPU
		{F6D64B00-9EC9-439D-A198-E54F5684F87B}.Release|ARM.ActiveCfg = Release|Any CPU
		{F6D64B00-9EC9-439D-A198-E54F5684F87B}.Release|ARM.Build.0 = Release|Any CPU
		{F6D64B00-9EC9-439D-A198-E54F5684F87B}.Release|ARM64.ActiveCfg = Release|Any CPU
		{F6D64B00-9EC9-439D-A198-E54F5684F87B}.Release|ARM64.Build.0 = Release|Any CPU
		{F6D64B00-9EC9-439D-A198-E54F5684F87B}.Release|x64.ActiveCfg = Release|Any CPU
		{F6D64B00-9EC9-439D-A198-E54F5684F87B}.Release|x64.Build.0 = Release|Any CPU
		{F6D64B00-9EC9-439D-A198-E54F5684F87B}.Release|x86.ActiveCfg = Release|Any CPU
		{F6D64B00-9EC9-439D-A198-E54F5684F87B}.Release|x86.Build.0 = Release|Any CPU
		{2D43701B-769B-43B0-9481-FE8B705EB5DB}.Debug|Any CPU.ActiveCfg = Debug|Any CPU
		{2D43701B-769B-43B0-9481-FE8B705EB5DB}.Debug|Any CPU.Build.0 = Debug|Any CPU
		{2D43701B-769B-43B0-9481-FE8B705EB5DB}.Debug|ARM.ActiveCfg = Debug|Any CPU
		{2D43701B-769B-43B0-9481-FE8B705EB5DB}.Debug|ARM.Build.0 = Debug|Any CPU
		{2D43701B-769B-43B0-9481-FE8B705EB5DB}.Debug|ARM64.ActiveCfg = Debug|Any CPU
		{2D43701B-769B-43B0-9481-FE8B705EB5DB}.Debug|ARM64.Build.0 = Debug|Any CPU
		{2D43701B-769B-43B0-9481-FE8B705EB5DB}.Debug|x64.ActiveCfg = Debug|Any CPU
		{2D43701B-769B-43B0-9481-FE8B705EB5DB}.Debug|x64.Build.0 = Debug|Any CPU
		{2D43701B-769B-43B0-9481-FE8B705EB5DB}.Debug|x86.ActiveCfg = Debug|Any CPU
		{2D43701B-769B-43B0-9481-FE8B705EB5DB}.Debug|x86.Build.0 = Debug|Any CPU
		{2D43701B-769B-43B0-9481-FE8B705EB5DB}.Release|Any CPU.ActiveCfg = Release|Any CPU
		{2D43701B-769B-43B0-9481-FE8B705EB5DB}.Release|Any CPU.Build.0 = Release|Any CPU
		{2D43701B-769B-43B0-9481-FE8B705EB5DB}.Release|ARM.ActiveCfg = Release|Any CPU
		{2D43701B-769B-43B0-9481-FE8B705EB5DB}.Release|ARM.Build.0 = Release|Any CPU
		{2D43701B-769B-43B0-9481-FE8B705EB5DB}.Release|ARM64.ActiveCfg = Release|Any CPU
		{2D43701B-769B-43B0-9481-FE8B705EB5DB}.Release|ARM64.Build.0 = Release|Any CPU
		{2D43701B-769B-43B0-9481-FE8B705EB5DB}.Release|x64.ActiveCfg = Release|Any CPU
		{2D43701B-769B-43B0-9481-FE8B705EB5DB}.Release|x64.Build.0 = Release|Any CPU
		{2D43701B-769B-43B0-9481-FE8B705EB5DB}.Release|x86.ActiveCfg = Release|Any CPU
		{2D43701B-769B-43B0-9481-FE8B705EB5DB}.Release|x86.Build.0 = Release|Any CPU
		{38B4E64F-60FA-4B87-ACB6-FE86550DE621}.Debug|Any CPU.ActiveCfg = Debug|Any CPU
		{38B4E64F-60FA-4B87-ACB6-FE86550DE621}.Debug|Any CPU.Build.0 = Debug|Any CPU
		{38B4E64F-60FA-4B87-ACB6-FE86550DE621}.Debug|ARM.ActiveCfg = Debug|Any CPU
		{38B4E64F-60FA-4B87-ACB6-FE86550DE621}.Debug|ARM.Build.0 = Debug|Any CPU
		{38B4E64F-60FA-4B87-ACB6-FE86550DE621}.Debug|ARM64.ActiveCfg = Debug|Any CPU
		{38B4E64F-60FA-4B87-ACB6-FE86550DE621}.Debug|ARM64.Build.0 = Debug|Any CPU
		{38B4E64F-60FA-4B87-ACB6-FE86550DE621}.Debug|x64.ActiveCfg = Debug|Any CPU
		{38B4E64F-60FA-4B87-ACB6-FE86550DE621}.Debug|x64.Build.0 = Debug|Any CPU
		{38B4E64F-60FA-4B87-ACB6-FE86550DE621}.Debug|x86.ActiveCfg = Debug|Any CPU
		{38B4E64F-60FA-4B87-ACB6-FE86550DE621}.Debug|x86.Build.0 = Debug|Any CPU
		{38B4E64F-60FA-4B87-ACB6-FE86550DE621}.Release|Any CPU.ActiveCfg = Release|Any CPU
		{38B4E64F-60FA-4B87-ACB6-FE86550DE621}.Release|Any CPU.Build.0 = Release|Any CPU
		{38B4E64F-60FA-4B87-ACB6-FE86550DE621}.Release|ARM.ActiveCfg = Release|Any CPU
		{38B4E64F-60FA-4B87-ACB6-FE86550DE621}.Release|ARM.Build.0 = Release|Any CPU
		{38B4E64F-60FA-4B87-ACB6-FE86550DE621}.Release|ARM64.ActiveCfg = Release|Any CPU
		{38B4E64F-60FA-4B87-ACB6-FE86550DE621}.Release|ARM64.Build.0 = Release|Any CPU
		{38B4E64F-60FA-4B87-ACB6-FE86550DE621}.Release|x64.ActiveCfg = Release|Any CPU
		{38B4E64F-60FA-4B87-ACB6-FE86550DE621}.Release|x64.Build.0 = Release|Any CPU
		{38B4E64F-60FA-4B87-ACB6-FE86550DE621}.Release|x86.ActiveCfg = Release|Any CPU
		{38B4E64F-60FA-4B87-ACB6-FE86550DE621}.Release|x86.Build.0 = Release|Any CPU
		{822A9630-7457-424D-B018-E2B178D2FF6C}.Debug|Any CPU.ActiveCfg = Debug|Any CPU
		{822A9630-7457-424D-B018-E2B178D2FF6C}.Debug|Any CPU.Build.0 = Debug|Any CPU
		{822A9630-7457-424D-B018-E2B178D2FF6C}.Debug|ARM.ActiveCfg = Debug|Any CPU
		{822A9630-7457-424D-B018-E2B178D2FF6C}.Debug|ARM.Build.0 = Debug|Any CPU
		{822A9630-7457-424D-B018-E2B178D2FF6C}.Debug|ARM64.ActiveCfg = Debug|Any CPU
		{822A9630-7457-424D-B018-E2B178D2FF6C}.Debug|ARM64.Build.0 = Debug|Any CPU
		{822A9630-7457-424D-B018-E2B178D2FF6C}.Debug|x64.ActiveCfg = Debug|Any CPU
		{822A9630-7457-424D-B018-E2B178D2FF6C}.Debug|x64.Build.0 = Debug|Any CPU
		{822A9630-7457-424D-B018-E2B178D2FF6C}.Debug|x86.ActiveCfg = Debug|Any CPU
		{822A9630-7457-424D-B018-E2B178D2FF6C}.Debug|x86.Build.0 = Debug|Any CPU
		{822A9630-7457-424D-B018-E2B178D2FF6C}.Release|Any CPU.ActiveCfg = Release|Any CPU
		{822A9630-7457-424D-B018-E2B178D2FF6C}.Release|Any CPU.Build.0 = Release|Any CPU
		{822A9630-7457-424D-B018-E2B178D2FF6C}.Release|ARM.ActiveCfg = Release|Any CPU
		{822A9630-7457-424D-B018-E2B178D2FF6C}.Release|ARM.Build.0 = Release|Any CPU
		{822A9630-7457-424D-B018-E2B178D2FF6C}.Release|ARM64.ActiveCfg = Release|Any CPU
		{822A9630-7457-424D-B018-E2B178D2FF6C}.Release|ARM64.Build.0 = Release|Any CPU
		{822A9630-7457-424D-B018-E2B178D2FF6C}.Release|x64.ActiveCfg = Release|Any CPU
		{822A9630-7457-424D-B018-E2B178D2FF6C}.Release|x64.Build.0 = Release|Any CPU
		{822A9630-7457-424D-B018-E2B178D2FF6C}.Release|x86.ActiveCfg = Release|Any CPU
		{822A9630-7457-424D-B018-E2B178D2FF6C}.Release|x86.Build.0 = Release|Any CPU
		{DF0C8129-B6C1-4716-9AC2-B25F8B7C9FEA}.Debug|Any CPU.ActiveCfg = Debug|Any CPU
		{DF0C8129-B6C1-4716-9AC2-B25F8B7C9FEA}.Debug|Any CPU.Build.0 = Debug|Any CPU
		{DF0C8129-B6C1-4716-9AC2-B25F8B7C9FEA}.Debug|ARM.ActiveCfg = Debug|Any CPU
		{DF0C8129-B6C1-4716-9AC2-B25F8B7C9FEA}.Debug|ARM.Build.0 = Debug|Any CPU
		{DF0C8129-B6C1-4716-9AC2-B25F8B7C9FEA}.Debug|ARM64.ActiveCfg = Debug|Any CPU
		{DF0C8129-B6C1-4716-9AC2-B25F8B7C9FEA}.Debug|ARM64.Build.0 = Debug|Any CPU
		{DF0C8129-B6C1-4716-9AC2-B25F8B7C9FEA}.Debug|x64.ActiveCfg = Debug|Any CPU
		{DF0C8129-B6C1-4716-9AC2-B25F8B7C9FEA}.Debug|x64.Build.0 = Debug|Any CPU
		{DF0C8129-B6C1-4716-9AC2-B25F8B7C9FEA}.Debug|x86.ActiveCfg = Debug|Any CPU
		{DF0C8129-B6C1-4716-9AC2-B25F8B7C9FEA}.Debug|x86.Build.0 = Debug|Any CPU
		{DF0C8129-B6C1-4716-9AC2-B25F8B7C9FEA}.Release|Any CPU.ActiveCfg = Release|Any CPU
		{DF0C8129-B6C1-4716-9AC2-B25F8B7C9FEA}.Release|Any CPU.Build.0 = Release|Any CPU
		{DF0C8129-B6C1-4716-9AC2-B25F8B7C9FEA}.Release|ARM.ActiveCfg = Release|Any CPU
		{DF0C8129-B6C1-4716-9AC2-B25F8B7C9FEA}.Release|ARM.Build.0 = Release|Any CPU
		{DF0C8129-B6C1-4716-9AC2-B25F8B7C9FEA}.Release|ARM64.ActiveCfg = Release|Any CPU
		{DF0C8129-B6C1-4716-9AC2-B25F8B7C9FEA}.Release|ARM64.Build.0 = Release|Any CPU
		{DF0C8129-B6C1-4716-9AC2-B25F8B7C9FEA}.Release|x64.ActiveCfg = Release|Any CPU
		{DF0C8129-B6C1-4716-9AC2-B25F8B7C9FEA}.Release|x64.Build.0 = Release|Any CPU
		{DF0C8129-B6C1-4716-9AC2-B25F8B7C9FEA}.Release|x86.ActiveCfg = Release|Any CPU
		{DF0C8129-B6C1-4716-9AC2-B25F8B7C9FEA}.Release|x86.Build.0 = Release|Any CPU
		{9C7FDDD1-0EB5-469E-8F67-A5E3D215CBAD}.Debug|Any CPU.ActiveCfg = Debug|Any CPU
		{9C7FDDD1-0EB5-469E-8F67-A5E3D215CBAD}.Debug|Any CPU.Build.0 = Debug|Any CPU
		{9C7FDDD1-0EB5-469E-8F67-A5E3D215CBAD}.Debug|ARM.ActiveCfg = Debug|Any CPU
		{9C7FDDD1-0EB5-469E-8F67-A5E3D215CBAD}.Debug|ARM.Build.0 = Debug|Any CPU
		{9C7FDDD1-0EB5-469E-8F67-A5E3D215CBAD}.Debug|ARM64.ActiveCfg = Debug|Any CPU
		{9C7FDDD1-0EB5-469E-8F67-A5E3D215CBAD}.Debug|ARM64.Build.0 = Debug|Any CPU
		{9C7FDDD1-0EB5-469E-8F67-A5E3D215CBAD}.Debug|x64.ActiveCfg = Debug|Any CPU
		{9C7FDDD1-0EB5-469E-8F67-A5E3D215CBAD}.Debug|x64.Build.0 = Debug|Any CPU
		{9C7FDDD1-0EB5-469E-8F67-A5E3D215CBAD}.Debug|x86.ActiveCfg = Debug|Any CPU
		{9C7FDDD1-0EB5-469E-8F67-A5E3D215CBAD}.Debug|x86.Build.0 = Debug|Any CPU
		{9C7FDDD1-0EB5-469E-8F67-A5E3D215CBAD}.Release|Any CPU.ActiveCfg = Release|Any CPU
		{9C7FDDD1-0EB5-469E-8F67-A5E3D215CBAD}.Release|Any CPU.Build.0 = Release|Any CPU
		{9C7FDDD1-0EB5-469E-8F67-A5E3D215CBAD}.Release|ARM.ActiveCfg = Release|Any CPU
		{9C7FDDD1-0EB5-469E-8F67-A5E3D215CBAD}.Release|ARM.Build.0 = Release|Any CPU
		{9C7FDDD1-0EB5-469E-8F67-A5E3D215CBAD}.Release|ARM64.ActiveCfg = Release|Any CPU
		{9C7FDDD1-0EB5-469E-8F67-A5E3D215CBAD}.Release|ARM64.Build.0 = Release|Any CPU
		{9C7FDDD1-0EB5-469E-8F67-A5E3D215CBAD}.Release|x64.ActiveCfg = Release|Any CPU
		{9C7FDDD1-0EB5-469E-8F67-A5E3D215CBAD}.Release|x64.Build.0 = Release|Any CPU
		{9C7FDDD1-0EB5-469E-8F67-A5E3D215CBAD}.Release|x86.ActiveCfg = Release|Any CPU
		{9C7FDDD1-0EB5-469E-8F67-A5E3D215CBAD}.Release|x86.Build.0 = Release|Any CPU
	EndGlobalSection
	GlobalSection(SolutionProperties) = preSolution
		HideSolutionNode = FALSE
	EndGlobalSection
	GlobalSection(NestedProjects) = preSolution
		{F6D64B00-9EC9-439D-A198-E54F5684F87B} = {A8A7687B-89AE-49F1-A94C-F459DB90C42F}
		{2D43701B-769B-43B0-9481-FE8B705EB5DB} = {A8A7687B-89AE-49F1-A94C-F459DB90C42F}
		{38B4E64F-60FA-4B87-ACB6-FE86550DE621} = {A8A7687B-89AE-49F1-A94C-F459DB90C42F}
		{822A9630-7457-424D-B018-E2B178D2FF6C} = {A8C173AB-624A-4556-9E6A-8BA62D8DF153}
		{DF0C8129-B6C1-4716-9AC2-B25F8B7C9FEA} = {A8C173AB-624A-4556-9E6A-8BA62D8DF153}
		{9C7FDDD1-0EB5-469E-8F67-A5E3D215CBAD} = {A8C173AB-624A-4556-9E6A-8BA62D8DF153}
	EndGlobalSection
	GlobalSection(ExtensibilityGlobals) = postSolution
		SolutionGuid = {5E359F80-6101-4E1A-955A-20277017111A}
	EndGlobalSection
EndGlobal
